
Microsoft Visual Studio Solution File, Format Version 11.00
# Visual Studio 2010
Project("{5A105E8B-9D40-E132-9780-D62EA2265D8A}") = "test1", "Assembly-UnityScript-firstpass.unityproj", "{6DF3A3DE-EDE3-53EA-DE3F-6338F6D51578}"
EndProject
Project("{5A105E8B-9D40-E132-9780-D62EA2265D8A}") = "test1", "Assembly-UnityScript.unityproj", "{CDB55D59-68A1-5F56-C0FB-C9358695E7BC}"
EndProject
Project("{FAE04EC0-301F-11D3-BF4B-00C04F79EFBC}") = "test1", "Assembly-CSharp-firstpass.csproj", "{8B57B11A-C2F8-EBDA-C256-9A65743BE2B6}"
EndProject
Project("{FAE04EC0-301F-11D3-BF4B-00C04F79EFBC}") = "test1", "Assembly-CSharp.csproj", "{FB112415-DF37-FFF0-193C-C41C1F943A0D}"
EndProject
Global
	GlobalSection(SolutionConfigurationPlatforms) = preSolution
		Debug|Any CPU = Debug|Any CPU
		Release|Any CPU = Release|Any CPU
	EndGlobalSection
	GlobalSection(ProjectConfigurationPlatforms) = postSolution
		{6DF3A3DE-EDE3-53EA-DE3F-6338F6D51578}.Debug|Any CPU.ActiveCfg = Debug|Any CPU
		{6DF3A3DE-EDE3-53EA-DE3F-6338F6D51578}.Debug|Any CPU.Build.0 = Debug|Any CPU
		{6DF3A3DE-EDE3-53EA-DE3F-6338F6D51578}.Release|Any CPU.ActiveCfg = Release|Any CPU
		{6DF3A3DE-EDE3-53EA-DE3F-6338F6D51578}.Release|Any CPU.Build.0 = Release|Any CPU
		{CDB55D59-68A1-5F56-C0FB-C9358695E7BC}.Debug|Any CPU.ActiveCfg = Debug|Any CPU
		{CDB55D59-68A1-5F56-C0FB-C9358695E7BC}.Debug|Any CPU.Build.0 = Debug|Any CPU
		{CDB55D59-68A1-5F56-C0FB-C9358695E7BC}.Release|Any CPU.ActiveCfg = Release|Any CPU
		{CDB55D59-68A1-5F56-C0FB-C9358695E7BC}.Release|Any CPU.Build.0 = Release|Any CPU
		{8B57B11A-C2F8-EBDA-C256-9A65743BE2B6}.Debug|Any CPU.ActiveCfg = Debug|Any CPU
		{8B57B11A-C2F8-EBDA-C256-9A65743BE2B6}.Debug|Any CPU.Build.0 = Debug|Any CPU
		{8B57B11A-C2F8-EBDA-C256-9A65743BE2B6}.Release|Any CPU.ActiveCfg = Release|Any CPU
		{8B57B11A-C2F8-EBDA-C256-9A65743BE2B6}.Release|Any CPU.Build.0 = Release|Any CPU
		{FB112415-DF37-FFF0-193C-C41C1F943A0D}.Debug|Any CPU.ActiveCfg = Debug|Any CPU
		{FB112415-DF37-FFF0-193C-C41C1F943A0D}.Debug|Any CPU.Build.0 = Debug|Any CPU
		{FB112415-DF37-FFF0-193C-C41C1F943A0D}.Release|Any CPU.ActiveCfg = Release|Any CPU
		{FB112415-DF37-FFF0-193C-C41C1F943A0D}.Release|Any CPU.Build.0 = Release|Any CPU
	EndGlobalSection
	GlobalSection(SolutionProperties) = preSolution
		HideSolutionNode = FALSE
	EndGlobalSection
	GlobalSection(MonoDevelopProperties) = preSolution
		StartupItem = Assembly-CSharp.csproj
	EndGlobalSection
EndGlobal
